
Microsoft Visual Studio Solution File, Format Version 12.00
# Visual Studio Version 17
VisualStudioVersion = 17.11.35312.102
MinimumVisualStudioVersion = 10.0.40219.1
Project("{FAE04EC0-301F-11D3-BF4B-00C04F79EFBC}") = "API_NBA", "API_NBA\API_NBA.csproj", "{63C27E90-14A1-4CC6-8507-CEE64419408B}"
EndProject
Global
	GlobalSection(SolutionConfigurationPlatforms) = preSolution
		Debug|Any CPU = Debug|Any CPU
		Release|Any CPU = Release|Any CPU
	EndGlobalSection
	GlobalSection(ProjectConfigurationPlatforms) = postSolution
		{63C27E90-14A1-4CC6-8507-CEE64419408B}.Debug|Any CPU.ActiveCfg = Debug|Any CPU
		{63C27E90-14A1-4CC6-8507-CEE64419408B}.Debug|Any CPU.Build.0 = Debug|Any CPU
		{63C27E90-14A1-4CC6-8507-CEE64419408B}.Release|Any CPU.ActiveCfg = Release|Any CPU
		{63C27E90-14A1-4CC6-8507-CEE64419408B}.Release|Any CPU.Build.0 = Release|Any CPU
	EndGlobalSection
	GlobalSection(SolutionProperties) = preSolution
		HideSolutionNode = FALSE
	EndGlobalSection
	GlobalSection(ExtensibilityGlobals) = postSolution
		SolutionGuid = {A1996E4A-0AC7-466C-9FA8-12EC4E4F68B0}
	EndGlobalSection
EndGlobal
